
Microsoft Visual Studio Solution File, Format Version 12.00
# Visual Studio Version 17
VisualStudioVersion = 17.2.32526.322
MinimumVisualStudioVersion = 10.0.40219.1
Project("{FAE04EC0-301F-11D3-BF4B-00C04F79EFBC}") = "IfElse_v2", "IfElse_v2\IfElse_v2.csproj", "{4CE973BD-7E0C-410B-AA9C-D3BB013BC630}"
EndProject
Global
	GlobalSection(SolutionConfigurationPlatforms) = preSolution
		Debug|Any CPU = Debug|Any CPU
		Release|Any CPU = Release|Any CPU
	EndGlobalSection
	GlobalSection(ProjectConfigurationPlatforms) = postSolution
		{4CE973BD-7E0C-410B-AA9C-D3BB013BC630}.Debug|Any CPU.ActiveCfg = Debug|Any CPU
		{4CE973BD-7E0C-410B-AA9C-D3BB013BC630}.Debug|Any CPU.Build.0 = Debug|Any CPU
		{4CE973BD-7E0C-410B-AA9C-D3BB013BC630}.Release|Any CPU.ActiveCfg = Release|Any CPU
		{4CE973BD-7E0C-410B-AA9C-D3BB013BC630}.Release|Any CPU.Build.0 = Release|Any CPU
	EndGlobalSection
	GlobalSection(SolutionProperties) = preSolution
		HideSolutionNode = FALSE
	EndGlobalSection
	GlobalSection(ExtensibilityGlobals) = postSolution
		SolutionGuid = {1E8BC9D4-0F66-489D-8CC1-828ECBEC3F9E}
	EndGlobalSection
EndGlobal
